// !$*UTF8*$!
{
	archiveVersion = 1;
	classes = {
	};
	objectVersion = 46;
	objects = {

/* Begin PBXBuildFile section */
		651A05CC1D75AAE1009126CE /* GoogleService-Info.plist in Resources */ = {isa = PBXBuildFile; fileRef = 651A05CB1D75AAE1009126CE /* GoogleService-Info.plist */; };
		651A05D21D75B738009126CE /* FirebaseAuthViewController.swift in Sources */ = {isa = PBXBuildFile; fileRef = 651A05D11D75B738009126CE /* FirebaseAuthViewController.swift */; };
		6567268E1D74000D003425A7 /* PhotosViewController.swift in Sources */ = {isa = PBXBuildFile; fileRef = 6567268D1D74000D003425A7 /* PhotosViewController.swift */; };
		656726901D74014E003425A7 /* FlickrAPI.swift in Sources */ = {isa = PBXBuildFile; fileRef = 6567268F1D74014E003425A7 /* FlickrAPI.swift */; };
		656726921D740F22003425A7 /* PhotoStore.swift in Sources */ = {isa = PBXBuildFile; fileRef = 656726911D740F22003425A7 /* PhotoStore.swift */; };
		656726941D741292003425A7 /* Photo.swift in Sources */ = {isa = PBXBuildFile; fileRef = 656726931D741292003425A7 /* Photo.swift */; };
		656726961D74190A003425A7 /* PhotoTableViewController.swift in Sources */ = {isa = PBXBuildFile; fileRef = 656726951D74190A003425A7 /* PhotoTableViewController.swift */; };
		657739D31D72DA5500F21740 /* WebviewController.swift in Sources */ = {isa = PBXBuildFile; fileRef = 657739D21D72DA5500F21740 /* WebviewController.swift */; };
		6579D2D31D7882EB0076A230 /* PhotoDataSource.swift in Sources */ = {isa = PBXBuildFile; fileRef = 6579D2D21D7882EB0076A230 /* PhotoDataSource.swift */; };
		6579D2D61D7889240076A230 /* PhotoCollectionViewCell.swift in Sources */ = {isa = PBXBuildFile; fileRef = 6579D2D51D7889240076A230 /* PhotoCollectionViewCell.swift */; };
		65CC83391D700DA100F8852E /* AppDelegate.swift in Sources */ = {isa = PBXBuildFile; fileRef = 65CC83381D700DA100F8852E /* AppDelegate.swift */; };
		65CC833B1D700DA100F8852E /* ViewController.swift in Sources */ = {isa = PBXBuildFile; fileRef = 65CC833A1D700DA100F8852E /* ViewController.swift */; };
		65CC833E1D700DA100F8852E /* Main.storyboard in Resources */ = {isa = PBXBuildFile; fileRef = 65CC833C1D700DA100F8852E /* Main.storyboard */; };
		65CC83401D700DA100F8852E /* Assets.xcassets in Resources */ = {isa = PBXBuildFile; fileRef = 65CC833F1D700DA100F8852E /* Assets.xcassets */; };
		65CC83431D700DA100F8852E /* LaunchScreen.storyboard in Resources */ = {isa = PBXBuildFile; fileRef = 65CC83411D700DA100F8852E /* LaunchScreen.storyboard */; };
		65CC834C1D700FFB00F8852E /* TodoTableViewController.swift in Sources */ = {isa = PBXBuildFile; fileRef = 65CC834B1D700FFB00F8852E /* TodoTableViewController.swift */; };
		65CC834E1D70164200F8852E /* TodoSchedulingViewController.swift in Sources */ = {isa = PBXBuildFile; fileRef = 65CC834D1D70164200F8852E /* TodoSchedulingViewController.swift */; };
		65CC83501D70179B00F8852E /* TodoItem.swift in Sources */ = {isa = PBXBuildFile; fileRef = 65CC834F1D70179B00F8852E /* TodoItem.swift */; };
		65CC83521D70215D00F8852E /* TodoList.swift in Sources */ = {isa = PBXBuildFile; fileRef = 65CC83511D70215D00F8852E /* TodoList.swift */; };
		EB82CA2ECE81138A934C8F10 /* Pods_MyUtilSwift.framework in Frameworks */ = {isa = PBXBuildFile; fileRef = 632C1685F2D4A97AAE557497 /* Pods_MyUtilSwift.framework */; };
/* End PBXBuildFile section */

/* Begin PBXContainerItemProxy section */
		651A05C01D75A311009126CE /* PBXContainerItemProxy */ = {
			isa = PBXContainerItemProxy;
			containerPortal = 651A05BC1D75A311009126CE /* Pods.xcodeproj */;
			proxyType = 2;
			remoteGlobalIDString = 3F931AA85CDD57592D81630837D07F7F;
			remoteInfo = "Pods-MyUtilSwift";
		};
/* End PBXContainerItemProxy section */

/* Begin PBXFileReference section */
		5E797309E7C5E31E498FC45E /* Pods-MyUtilSwift.debug.xcconfig */ = {isa = PBXFileReference; includeInIndex = 1; lastKnownFileType = text.xcconfig; name = "Pods-MyUtilSwift.debug.xcconfig"; path = "Pods/Target Support Files/Pods-MyUtilSwift/Pods-MyUtilSwift.debug.xcconfig"; sourceTree = "<group>"; };
		632C1685F2D4A97AAE557497 /* Pods_MyUtilSwift.framework */ = {isa = PBXFileReference; explicitFileType = wrapper.framework; includeInIndex = 0; path = Pods_MyUtilSwift.framework; sourceTree = BUILT_PRODUCTS_DIR; };
		651A05BC1D75A311009126CE /* Pods.xcodeproj */ = {isa = PBXFileReference; lastKnownFileType = "wrapper.pb-project"; name = Pods.xcodeproj; path = Pods/Pods.xcodeproj; sourceTree = "<group>"; };
		651A05CB1D75AAE1009126CE /* GoogleService-Info.plist */ = {isa = PBXFileReference; fileEncoding = 4; lastKnownFileType = text.plist.xml; path = "GoogleService-Info.plist"; sourceTree = "<group>"; };
		651A05D11D75B738009126CE /* FirebaseAuthViewController.swift */ = {isa = PBXFileReference; fileEncoding = 4; lastKnownFileType = sourcecode.swift; path = FirebaseAuthViewController.swift; sourceTree = "<group>"; };
		6567268D1D74000D003425A7 /* PhotosViewController.swift */ = {isa = PBXFileReference; fileEncoding = 4; lastKnownFileType = sourcecode.swift; path = PhotosViewController.swift; sourceTree = "<group>"; };
		6567268F1D74014E003425A7 /* FlickrAPI.swift */ = {isa = PBXFileReference; fileEncoding = 4; lastKnownFileType = sourcecode.swift; path = FlickrAPI.swift; sourceTree = "<group>"; };
		656726911D740F22003425A7 /* PhotoStore.swift */ = {isa = PBXFileReference; fileEncoding = 4; lastKnownFileType = sourcecode.swift; path = PhotoStore.swift; sourceTree = "<group>"; };
		656726931D741292003425A7 /* Photo.swift */ = {isa = PBXFileReference; fileEncoding = 4; lastKnownFileType = sourcecode.swift; path = Photo.swift; sourceTree = "<group>"; };
		656726951D74190A003425A7 /* PhotoTableViewController.swift */ = {isa = PBXFileReference; fileEncoding = 4; lastKnownFileType = sourcecode.swift; path = PhotoTableViewController.swift; sourceTree = "<group>"; };
		657739D21D72DA5500F21740 /* WebviewController.swift */ = {isa = PBXFileReference; fileEncoding = 4; lastKnownFileType = sourcecode.swift; path = WebviewController.swift; sourceTree = "<group>"; };
		6579D2D21D7882EB0076A230 /* PhotoDataSource.swift */ = {isa = PBXFileReference; fileEncoding = 4; lastKnownFileType = sourcecode.swift; path = PhotoDataSource.swift; sourceTree = "<group>"; };
		6579D2D51D7889240076A230 /* PhotoCollectionViewCell.swift */ = {isa = PBXFileReference; fileEncoding = 4; lastKnownFileType = sourcecode.swift; path = PhotoCollectionViewCell.swift; sourceTree = "<group>"; };
		65CC83351D700DA100F8852E /* MyUtilSwift.app */ = {isa = PBXFileReference; explicitFileType = wrapper.application; includeInIndex = 0; path = MyUtilSwift.app; sourceTree = BUILT_PRODUCTS_DIR; };
		65CC83381D700DA100F8852E /* AppDelegate.swift */ = {isa = PBXFileReference; lastKnownFileType = sourcecode.swift; path = AppDelegate.swift; sourceTree = "<group>"; };
		65CC833A1D700DA100F8852E /* ViewController.swift */ = {isa = PBXFileReference; lastKnownFileType = sourcecode.swift; path = ViewController.swift; sourceTree = "<group>"; };
		65CC833D1D700DA100F8852E /* Base */ = {isa = PBXFileReference; lastKnownFileType = file.storyboard; name = Base; path = Base.lproj/Main.storyboard; sourceTree = "<group>"; };
		65CC833F1D700DA100F8852E /* Assets.xcassets */ = {isa = PBXFileReference; lastKnownFileType = folder.assetcatalog; path = Assets.xcassets; sourceTree = "<group>"; };
		65CC83421D700DA100F8852E /* Base */ = {isa = PBXFileReference; lastKnownFileType = file.storyboard; name = Base; path = Base.lproj/LaunchScreen.storyboard; sourceTree = "<group>"; };
		65CC83441D700DA100F8852E /* Info.plist */ = {isa = PBXFileReference; lastKnownFileType = text.plist.xml; path = Info.plist; sourceTree = "<group>"; };
		65CC834B1D700FFB00F8852E /* TodoTableViewController.swift */ = {isa = PBXFileReference; fileEncoding = 4; lastKnownFileType = sourcecode.swift; path = TodoTableViewController.swift; sourceTree = "<group>"; };
		65CC834D1D70164200F8852E /* TodoSchedulingViewController.swift */ = {isa = PBXFileReference; fileEncoding = 4; lastKnownFileType = sourcecode.swift; path = TodoSchedulingViewController.swift; sourceTree = "<group>"; };
		65CC834F1D70179B00F8852E /* TodoItem.swift */ = {isa = PBXFileReference; fileEncoding = 4; lastKnownFileType = sourcecode.swift; path = TodoItem.swift; sourceTree = "<group>"; };
		65CC83511D70215D00F8852E /* TodoList.swift */ = {isa = PBXFileReference; fileEncoding = 4; lastKnownFileType = sourcecode.swift; path = TodoList.swift; sourceTree = "<group>"; };
		B50E04C5F2FCDADB80A8D525 /* Pods-MyUtilSwift.release.xcconfig */ = {isa = PBXFileReference; includeInIndex = 1; lastKnownFileType = text.xcconfig; name = "Pods-MyUtilSwift.release.xcconfig"; path = "Pods/Target Support Files/Pods-MyUtilSwift/Pods-MyUtilSwift.release.xcconfig"; sourceTree = "<group>"; };
/* End PBXFileReference section */

/* Begin PBXFrameworksBuildPhase section */
		65CC83321D700DA100F8852E /* Frameworks */ = {
			isa = PBXFrameworksBuildPhase;
			buildActionMask = 2147483647;
			files = (
				EB82CA2ECE81138A934C8F10 /* Pods_MyUtilSwift.framework in Frameworks */,
			);
			runOnlyForDeploymentPostprocessing = 0;
		};
/* End PBXFrameworksBuildPhase section */

/* Begin PBXGroup section */
		476A42527FC36C56042EEFE4 /* Pods */ = {
			isa = PBXGroup;
			children = (
				5E797309E7C5E31E498FC45E /* Pods-MyUtilSwift.debug.xcconfig */,
				B50E04C5F2FCDADB80A8D525 /* Pods-MyUtilSwift.release.xcconfig */,
			);
			name = Pods;
			sourceTree = "<group>";
		};
		651A053C1D75984C009126CE /* firebase */ = {
			isa = PBXGroup;
			children = (
				651A05D11D75B738009126CE /* FirebaseAuthViewController.swift */,
			);
			name = firebase;
			sourceTree = "<group>";
		};
		651A05BD1D75A311009126CE /* Products */ = {
			isa = PBXGroup;
			children = (
				651A05C11D75A311009126CE /* Pods_MyUtilSwift.framework */,
			);
			name = Products;
			sourceTree = "<group>";
		};
		6567268C1D73FE0A003425A7 /* list */ = {
			isa = PBXGroup;
			children = (
				6567268D1D74000D003425A7 /* PhotosViewController.swift */,
				656726951D74190A003425A7 /* PhotoTableViewController.swift */,
				6567268F1D74014E003425A7 /* FlickrAPI.swift */,
				656726911D740F22003425A7 /* PhotoStore.swift */,
				656726931D741292003425A7 /* Photo.swift */,
				6579D2D21D7882EB0076A230 /* PhotoDataSource.swift */,
				6579D2D51D7889240076A230 /* PhotoCollectionViewCell.swift */,
			);
			name = list;
			sourceTree = "<group>";
		};
		657739D11D72D68800F21740 /* webview */ = {
			isa = PBXGroup;
			children = (
				657739D21D72DA5500F21740 /* WebviewController.swift */,
			);
			name = webview;
			sourceTree = "<group>";
		};
		65CC832C1D700DA100F8852E = {
			isa = PBXGroup;
			children = (
				65CC83371D700DA100F8852E /* MyUtilSwift */,
				65CC83361D700DA100F8852E /* Products */,
				476A42527FC36C56042EEFE4 /* Pods */,
				AFA0040E2DF0F558DFC3BEFA /* Frameworks */,
			);
			sourceTree = "<group>";
		};
		65CC83361D700DA100F8852E /* Products */ = {
			isa = PBXGroup;
			children = (
				65CC83351D700DA100F8852E /* MyUtilSwift.app */,
			);
			name = Products;
			sourceTree = "<group>";
		};
		65CC83371D700DA100F8852E /* MyUtilSwift */ = {
			isa = PBXGroup;
			children = (
				651A05CB1D75AAE1009126CE /* GoogleService-Info.plist */,
				651A053C1D75984C009126CE /* firebase */,
				6567268C1D73FE0A003425A7 /* list */,
				657739D11D72D68800F21740 /* webview */,
				65CC834A1D700FCA00F8852E /* todolist */,
				65CC83381D700DA100F8852E /* AppDelegate.swift */,
				65CC833A1D700DA100F8852E /* ViewController.swift */,
				65CC833C1D700DA100F8852E /* Main.storyboard */,
				65CC833F1D700DA100F8852E /* Assets.xcassets */,
				65CC83411D700DA100F8852E /* LaunchScreen.storyboard */,
				65CC83441D700DA100F8852E /* Info.plist */,
			);
			path = MyUtilSwift;
			sourceTree = "<group>";
		};
		65CC834A1D700FCA00F8852E /* todolist */ = {
			isa = PBXGroup;
			children = (
				65CC834B1D700FFB00F8852E /* TodoTableViewController.swift */,
				65CC834D1D70164200F8852E /* TodoSchedulingViewController.swift */,
				65CC834F1D70179B00F8852E /* TodoItem.swift */,
				65CC83511D70215D00F8852E /* TodoList.swift */,
			);
			name = todolist;
			sourceTree = "<group>";
		};
		AFA0040E2DF0F558DFC3BEFA /* Frameworks */ = {
			isa = PBXGroup;
			children = (
				651A05BC1D75A311009126CE /* Pods.xcodeproj */,
				632C1685F2D4A97AAE557497 /* Pods_MyUtilSwift.framework */,
			);
			name = Frameworks;
			sourceTree = "<group>";
		};
/* End PBXGroup section */

/* Begin PBXNativeTarget section */
		65CC83341D700DA100F8852E /* MyUtilSwift */ = {
			isa = PBXNativeTarget;
			buildConfigurationList = 65CC83471D700DA100F8852E /* Build configuration list for PBXNativeTarget "MyUtilSwift" */;
			buildPhases = (
				D500BCC95FF4C8AF8EC3FCFA /* [CP] Check Pods Manifest.lock */,
				65CC83311D700DA100F8852E /* Sources */,
				65CC83321D700DA100F8852E /* Frameworks */,
				65CC83331D700DA100F8852E /* Resources */,
				B9B027921FD177D92DDEA5A7 /* [CP] Embed Pods Frameworks */,
				72E268EE716300C554C6E5CA /* [CP] Copy Pods Resources */,
			);
			buildRules = (
			);
			dependencies = (
			);
			name = MyUtilSwift;
			productName = MyUtilSwift;
			productReference = 65CC83351D700DA100F8852E /* MyUtilSwift.app */;
			productType = "com.apple.product-type.application";
		};
/* End PBXNativeTarget section */

/* Begin PBXProject section */
		65CC832D1D700DA100F8852E /* Project object */ = {
			isa = PBXProject;
			attributes = {
				LastSwiftUpdateCheck = 0730;
				LastUpgradeCheck = 0730;
				ORGANIZATIONNAME = SEO_MAC;
				TargetAttributes = {
					65CC83341D700DA100F8852E = {
						CreatedOnToolsVersion = 7.3.1;
					};
				};
			};
			buildConfigurationList = 65CC83301D700DA100F8852E /* Build configuration list for PBXProject "MyUtilSwift" */;
			compatibilityVersion = "Xcode 3.2";
			developmentRegion = English;
			hasScannedForEncodings = 0;
			knownRegions = (
				en,
				Base,
			);
			mainGroup = 65CC832C1D700DA100F8852E;
			productRefGroup = 65CC83361D700DA100F8852E /* Products */;
			projectDirPath = "";
			projectReferences = (
				{
					ProductGroup = 651A05BD1D75A311009126CE /* Products */;
					ProjectRef = 651A05BC1D75A311009126CE /* Pods.xcodeproj */;
				},
			);
			projectRoot = "";
			targets = (
				65CC83341D700DA100F8852E /* MyUtilSwift */,
			);
		};
/* End PBXProject section */

/* Begin PBXReferenceProxy section */
		651A05C11D75A311009126CE /* Pods_MyUtilSwift.framework */ = {
			isa = PBXReferenceProxy;
			fileType = wrapper.framework;
			path = Pods_MyUtilSwift.framework;
			remoteRef = 651A05C01D75A311009126CE /* PBXContainerItemProxy */;
			sourceTree = BUILT_PRODUCTS_DIR;
		};
/* End PBXReferenceProxy section */

/* Begin PBXResourcesBuildPhase section */
		65CC83331D700DA100F8852E /* Resources */ = {
			isa = PBXResourcesBuildPhase;
			buildActionMask = 2147483647;
			files = (
				65CC83431D700DA100F8852E /* LaunchScreen.storyboard in Resources */,
				651A05CC1D75AAE1009126CE /* GoogleService-Info.plist in Resources */,
				65CC83401D700DA100F8852E /* Assets.xcassets in Resources */,
				65CC833E1D700DA100F8852E /* Main.storyboard in Resources */,
			);
			runOnlyForDeploymentPostprocessing = 0;
		};
/* End PBXResourcesBuildPhase section */

/* Begin PBXShellScriptBuildPhase section */
		72E268EE716300C554C6E5CA /* [CP] Copy Pods Resources */ = {
			isa = PBXShellScriptBuildPhase;
			buildActionMask = 2147483647;
			files = (
			);
			inputPaths = (
			);
			name = "[CP] Copy Pods Resources";
			outputPaths = (
			);
			runOnlyForDeploymentPostprocessing = 0;
			shellPath = /bin/sh;
			shellScript = "\"${SRCROOT}/Pods/Target Support Files/Pods-MyUtilSwift/Pods-MyUtilSwift-resources.sh\"\n";
			showEnvVarsInLog = 0;
		};
		B9B027921FD177D92DDEA5A7 /* [CP] Embed Pods Frameworks */ = {
			isa = PBXShellScriptBuildPhase;
			buildActionMask = 2147483647;
			files = (
			);
			inputPaths = (
			);
			name = "[CP] Embed Pods Frameworks";
			outputPaths = (
			);
			runOnlyForDeploymentPostprocessing = 0;
			shellPath = /bin/sh;
			shellScript = "\"${SRCROOT}/Pods/Target Support Files/Pods-MyUtilSwift/Pods-MyUtilSwift-frameworks.sh\"\n";
			showEnvVarsInLog = 0;
		};
		D500BCC95FF4C8AF8EC3FCFA /* [CP] Check Pods Manifest.lock */ = {
			isa = PBXShellScriptBuildPhase;
			buildActionMask = 2147483647;
			files = (
			);
			inputPaths = (
			);
			name = "[CP] Check Pods Manifest.lock";
			outputPaths = (
			);
			runOnlyForDeploymentPostprocessing = 0;
			shellPath = /bin/sh;
			shellScript = "diff \"${PODS_ROOT}/../Podfile.lock\" \"${PODS_ROOT}/Manifest.lock\" > /dev/null\nif [[ $? != 0 ]] ; then\n    cat << EOM\nerror: The sandbox is not in sync with the Podfile.lock. Run 'pod install' or update your CocoaPods installation.\nEOM\n    exit 1\nfi\n";
			showEnvVarsInLog = 0;
		};
/* End PBXShellScriptBuildPhase section */

/* Begin PBXSourcesBuildPhase section */
		65CC83311D700DA100F8852E /* Sources */ = {
			isa = PBXSourcesBuildPhase;
			buildActionMask = 2147483647;
			files = (
				65CC83501D70179B00F8852E /* TodoItem.swift in Sources */,
				6579D2D31D7882EB0076A230 /* PhotoDataSource.swift in Sources */,
				6567268E1D74000D003425A7 /* PhotosViewController.swift in Sources */,
				651A05D21D75B738009126CE /* FirebaseAuthViewController.swift in Sources */,
				656726921D740F22003425A7 /* PhotoStore.swift in Sources */,
				65CC834E1D70164200F8852E /* TodoSchedulingViewController.swift in Sources */,
				656726901D74014E003425A7 /* FlickrAPI.swift in Sources */,
				65CC833B1D700DA100F8852E /* ViewController.swift in Sources */,
				657739D31D72DA5500F21740 /* WebviewController.swift in Sources */,
				656726941D741292003425A7 /* Photo.swift in Sources */,
				65CC83521D70215D00F8852E /* TodoList.swift in Sources */,
				6579D2D61D7889240076A230 /* PhotoCollectionViewCell.swift in Sources */,
				65CC834C1D700FFB00F8852E /* TodoTableViewController.swift in Sources */,
				656726961D74190A003425A7 /* PhotoTableViewController.swift in Sources */,
				65CC83391D700DA100F8852E /* AppDelegate.swift in Sources */,
			);
			runOnlyForDeploymentPostprocessing = 0;
		};
/* End PBXSourcesBuildPhase section */

/* Begin PBXVariantGroup section */
		65CC833C1D700DA100F8852E /* Main.storyboard */ = {
			isa = PBXVariantGroup;
			children = (
				65CC833D1D700DA100F8852E /* Base */,
			);
			name = Main.storyboard;
			sourceTree = "<group>";
		};
		65CC83411D700DA100F8852E /* LaunchScreen.storyboard */ = {
			isa = PBXVariantGroup;
			children = (
				65CC83421D700DA100F8852E /* Base */,
			);
			name = LaunchScreen.storyboard;
			sourceTree = "<group>";
		};
/* End PBXVariantGroup section */

/* Begin XCBuildConfiguration section */
		65CC83451D700DA100F8852E /* Debug */ = {
			isa = XCBuildConfiguration;
			buildSettings = {
				ALWAYS_SEARCH_USER_PATHS = NO;
				CLANG_ANALYZER_NONNULL = YES;
				CLANG_CXX_LANGUAGE_STANDARD = "gnu++0x";
				CLANG_CXX_LIBRARY = "libc++";
				CLANG_ENABLE_MODULES = YES;
				CLANG_ENABLE_OBJC_ARC = YES;
				CLANG_WARN_BOOL_CONVERSION = YES;
				CLANG_WARN_CONSTANT_CONVERSION = YES;
				CLANG_WARN_DIRECT_OBJC_ISA_USAGE = YES_ERROR;
				CLANG_WARN_EMPTY_BODY = YES;
				CLANG_WARN_ENUM_CONVERSION = YES;
				CLANG_WARN_INT_CONVERSION = YES;
				CLANG_WARN_OBJC_ROOT_CLASS = YES_ERROR;
				CLANG_WARN_UNREACHABLE_CODE = YES;
				CLANG_WARN__DUPLICATE_METHOD_MATCH = YES;
				"CODE_SIGN_IDENTITY[sdk=iphoneos*]" = "iPhone Developer";
				COPY_PHASE_STRIP = NO;
				DEBUG_INFORMATION_FORMAT = dwarf;
				ENABLE_STRICT_OBJC_MSGSEND = YES;
				ENABLE_TESTABILITY = YES;
				GCC_C_LANGUAGE_STANDARD = gnu99;
				GCC_DYNAMIC_NO_PIC = NO;
				GCC_NO_COMMON_BLOCKS = YES;
				GCC_OPTIMIZATION_LEVEL = 0;
				GCC_PREPROCESSOR_DEFINITIONS = (
					"DEBUG=1",
					"$(inherited)",
				);
				GCC_WARN_64_TO_32_BIT_CONVERSION = YES;
				GCC_WARN_ABOUT_RETURN_TYPE = YES_ERROR;
				GCC_WARN_UNDECLARED_SELECTOR = YES;
				GCC_WARN_UNINITIALIZED_AUTOS = YES_AGGRESSIVE;
				GCC_WARN_UNUSED_FUNCTION = YES;
				GCC_WARN_UNUSED_VARIABLE = YES;
				IPHONEOS_DEPLOYMENT_TARGET = 9.3;
				MTL_ENABLE_DEBUG_INFO = YES;
				ONLY_ACTIVE_ARCH = YES;
				SDKROOT = iphoneos;
				SWIFT_OPTIMIZATION_LEVEL = "-Onone";
			};
			name = Debug;
		};
		65CC83461D700DA100F8852E /* Release */ = {
			isa = XCBuildConfiguration;
			buildSettings = {
				ALWAYS_SEARCH_USER_PATHS = NO;
				CLANG_ANALYZER_NONNULL = YES;
				CLANG_CXX_LANGUAGE_STANDARD = "gnu++0x";
				CLANG_CXX_LIBRARY = "libc++";
				CLANG_ENABLE_MODULES = YES;
				CLANG_ENABLE_OBJC_ARC = YES;
				CLANG_WARN_BOOL_CONVERSION = YES;
				CLANG_WARN_CONSTANT_CONVERSION = YES;
				CLANG_WARN_DIRECT_OBJC_ISA_USAGE = YES_ERROR;
				CLANG_WARN_EMPTY_BODY = YES;
				CLANG_WARN_ENUM_CONVERSION = YES;
				CLANG_WARN_INT_CONVERSION = YES;
				CLANG_WARN_OBJC_ROOT_CLASS = YES_ERROR;
				CLANG_WARN_UNREACHABLE_CODE = YES;
				CLANG_WARN__DUPLICATE_METHOD_MATCH = YES;
				"CODE_SIGN_IDENTITY[sdk=iphoneos*]" = "iPhone Developer";
				COPY_PHASE_STRIP = NO;
				DEBUG_INFORMATION_FORMAT = "dwarf-with-dsym";
				ENABLE_NS_ASSERTIONS = NO;
				ENABLE_STRICT_OBJC_MSGSEND = YES;
				GCC_C_LANGUAGE_STANDARD = gnu99;
				GCC_NO_COMMON_BLOCKS = YES;
				GCC_WARN_64_TO_32_BIT_CONVERSION = YES;
				GCC_WARN_ABOUT_RETURN_TYPE = YES_ERROR;
				GCC_WARN_UNDECLARED_SELECTOR = YES;
				GCC_WARN_UNINITIALIZED_AUTOS = YES_AGGRESSIVE;
				GCC_WARN_UNUSED_FUNCTION = YES;
				GCC_WARN_UNUSED_VARIABLE = YES;
				IPHONEOS_DEPLOYMENT_TARGET = 9.3;
				MTL_ENABLE_DEBUG_INFO = NO;
				SDKROOT = iphoneos;
				VALIDATE_PRODUCT = YES;
			};
			name = Release;
		};
		65CC83481D700DA100F8852E /* Debug */ = {
			isa = XCBuildConfiguration;
			baseConfigurationReference = 5E797309E7C5E31E498FC45E /* Pods-MyUtilSwift.debug.xcconfig */;
			buildSettings = {
				ASSETCATALOG_COMPILER_APPICON_NAME = AppIcon;
				FRAMEWORK_SEARCH_PATHS = (
					"$(inherited)",
					"$(PROJECT_DIR)/MyUtilSwift",
				);
				INFOPLIST_FILE = MyUtilSwift/Info.plist;
				LD_RUNPATH_SEARCH_PATHS = "$(inherited) @executable_path/Frameworks";
				PRODUCT_BUNDLE_IDENTIFIER = com.seo.test.gps;
				PRODUCT_NAME = "$(TARGET_NAME)";
			};
			name = Debug;
		};
		65CC83491D700DA100F8852E /* Release */ = {
			isa = XCBuildConfiguration;
			baseConfigurationReference = B50E04C5F2FCDADB80A8D525 /* Pods-MyUtilSwift.release.xcconfig */;
			buildSettings = {
				ASSETCATALOG_COMPILER_APPICON_NAME = AppIcon;
				FRAMEWORK_SEARCH_PATHS = (
					"$(inherited)",
					"$(PROJECT_DIR)/MyUtilSwift",
				);
				INFOPLIST_FILE = MyUtilSwift/Info.plist;
				LD_RUNPATH_SEARCH_PATHS = "$(inherited) @executable_path/Frameworks";
				PRODUCT_BUNDLE_IDENTIFIER = com.seo.test.gps;
				PRODUCT_NAME = "$(TARGET_NAME)";
			};
			name = Release;
		};
/* End XCBuildConfiguration section */

/* Begin XCConfigurationList section */
		65CC83301D700DA100F8852E /* Build configuration list for PBXProject "MyUtilSwift" */ = {
			isa = XCConfigurationList;
			buildConfigurations = (
				65CC83451D700DA100F8852E /* Debug */,
				65CC83461D700DA100F8852E /* Release */,
			);
			defaultConfigurationIsVisible = 0;
			defaultConfigurationName = Release;
		};
		65CC83471D700DA100F8852E /* Build configuration list for PBXNativeTarget "MyUtilSwift" */ = {
			isa = XCConfigurationList;
			buildConfigurations = (
				65CC83481D700DA100F8852E /* Debug */,
				65CC83491D700DA100F8852E /* Release */,
			);
			defaultConfigurationIsVisible = 0;
			defaultConfigurationName = Release;
		};
/* End XCConfigurationList section */
	};
	rootObject = 65CC832D1D700DA100F8852E /* Project object */;
}
